schema: '2.0'
stages:
  compress:
    cmd: npm start -- compress -u http://localhost -i alpha
  htmlretrieve:
    cmd: npm start -- html retrieve -u http://localhost/alpha
    deps:
    - path: src/html/retrieve.ts
      md5: cbc83ffede71f765872bfa2e2d33018a
      size: 868
    params:
      src/params.json:
        htmlretrieve: {}
        puppeteer:
          userDataDir: ./user
          headless: false
          viewport:
            width: 1400
            height: 1000
          userAgent: Mozilla/5.0 (X11; Linux x86_64) AppleWebKit/537.36 (KHTML, like
            Gecko) Chrome
    outs:
    - path: data/localhost/alpha/htmlretrieve-metrics.json
      md5: 0926d4ca9671c49452d4af3955469f94
      size: 27
    - path: data/localhost/alpha/index.html
      md5: c909a9dacaca4d36451a6fc0122ee4cb
      size: 3860
    - path: data/localhost/alpha/index.json
      md5: 28d110937253136c6cb8eb5a56843e59
      size: 104
  htmlcompress:
    cmd: npm start -- html compress -u http://localhost/alpha
    deps:
    - path: data/localhost/alpha/index.html
      md5: c909a9dacaca4d36451a6fc0122ee4cb
      size: 3860
    - path: src/html/compress.ts
      md5: 78737728d389a19f9386e792494f9d59
      size: 6493
    params:
      src/params.json:
        htmlcompress:
          tokenizeInput: true
          focusOnFirstTag: FORM
          removeTags: []
          removeEmpty: true
          removeEmptyTagExclusion:
          - INPUT
          textMaxLength: 500
          textLengthExclusion:
          - INPUT
          - FORM
          - SELECT
          - BUTTON
          removeStructural:
          - DIV
          - SECTION
          - MAIN
          - ARTICLE
          - SPAN
          removeAttributeTagExclusion:
          - INPUT
          - FORM
          - SELECT
          - BUTTON
          removeAttributes:
          - class
          removeAttributeExclusion:
          - INPUT
          - FORM
          - SELECT
          - BUTTON
          attributeMaxLength: 1000
    outs:
    - path: data/localhost/alpha/htmlcompress-metrics.json
      md5: e7cd2131439fd79b3acd9247b1249cfe
      size: 141
    - path: data/localhost/alpha/index.compressed.html
      md5: 339927ac8d2cdd6a9ef3aebb9419a02d
      size: 2663
  formcode:
    cmd: npm start -- form code -u http://localhost/alpha
    deps:
    - path: data/localhost/alpha/index.compressed.html
      md5: 339927ac8d2cdd6a9ef3aebb9419a02d
      size: 2663
    - path: src/forms/code.ts
      md5: 8fc1b2dde745e058f5f3ef04337e600a
      size: 2172
    - path: src/gpt.ts
      md5: 12653a2734556486b918b2ea0dcafa02
      size: 3136
    - path: src/lint.ts
      md5: d91d398b84e1750d9a251be16711d217
      size: 772
    params:
      src/params.json:
        formcode:
          prompt:
            outputSpec:
            - accepts a puppeteer page as the first parameter
            - accepts all the inputs accepted on the webpage which follows below as
              the second parameter (an object with camelCase keys)
            - checks if each parameter exists before attempting to fill it in
            - correctly fills in every input
            - triggers a submission
            - does nothing else
            includesHTMLBlockMarkup: true
            usesListDelimitation: true
    outs:
    - path: data/localhost/alpha/formcode-lint.json
      md5: ec285c302f0ef1f9e6d528137507a146
      size: 285
    - path: data/localhost/alpha/formcode-metrics.json
      md5: eaf4fbb76ee8ce683adc7a189e661072
      size: 1072
    - path: data/localhost/alpha/formcode-result.json
      md5: 5e978443e9623f13270b4d923d71ea3a
      size: 4439
    - path: data/localhost/alpha/formcode.js
      md5: f861e4bd398cae558e12aeb7b9530711
      size: 907
  formprops:
    cmd: npm start -- form props -u http://localhost/alpha
    deps:
    - path: data/localhost/alpha/formcode.js
      md5: f861e4bd398cae558e12aeb7b9530711
      size: 907
    - path: data/localhost/alpha/index.json
      md5: 28d110937253136c6cb8eb5a56843e59
      size: 104
    - path: src/forms/props.ts
      md5: 061fa1c43025d9b793a0343d6d825a73
      size: 2312
    - path: src/gpt.ts
      md5: 12653a2734556486b918b2ea0dcafa02
      size: 3136
    params:
      src/params.json:
        formprops:
          prompt:
            includeDescription: true
            includeTitle: true
            includeURL: true
            includesCodeBlockMarkup: true
    outs:
    - path: data/localhost/alpha/formprops-metrics.json
      md5: 8cffa26c5d7e14703006d89d431df0df
      size: 871
    - path: data/localhost/alpha/formprops-result.json
      md5: 5414f286d807827a6f4528e4e19ffa5e
      size: 1878
    - path: data/localhost/alpha/formprops.json
      md5: 0c1c36fe5f35b5a580f8a695f37ad307
      size: 153
  formschema:
    cmd: npm start -- form schema -u http://localhost/alpha
    deps:
    - path: data/localhost/alpha/formprops.json
      md5: 0c1c36fe5f35b5a580f8a695f37ad307
      size: 153
    - path: src/forms/schema.ts
      md5: eb8d39df902952f85f66de94a8f5c3ed
      size: 679
    - path: src/json
      md5: d751713988987e9331980363e24189ce.dir
      size: 0
      nfiles: 0
    - path: src/lint.ts
      md5: d91d398b84e1750d9a251be16711d217
      size: 772
    params:
      src/params.json:
        formschema:
          numberUniqueRatio: 0.05
          numberUniqueSize: 10
          stringUniqueRatio: 0.333
    outs:
    - path: data/localhost/alpha/formschema-lint.json
      md5: ec285c302f0ef1f9e6d528137507a146
      size: 285
    - path: data/localhost/alpha/formschema-metrics.json
      md5: e2fc055e0328ae9e79d28449d2b70567
      size: 27
    - path: data/localhost/alpha/formschema-result.json
      md5: 0d99d3a5ced92b9d16297658cc79e927
      size: 222
    - path: data/localhost/alpha/formschema.js
      md5: c8dc822ea066135458564684a49aa6ef
      size: 249
  formfill:
    cmd: npm start -- form fill -u http://localhost/alpha
    deps:
    - path: data/localhost/alpha/formcode.js
      md5: f861e4bd398cae558e12aeb7b9530711
      size: 907
    - path: data/localhost/alpha/formprops.json
      md5: 0c1c36fe5f35b5a580f8a695f37ad307
      size: 153
    - path: data/localhost/alpha/index.json
      md5: 28d110937253136c6cb8eb5a56843e59
      size: 104
    - path: src/puppeteer
      md5: d751713988987e9331980363e24189ce.dir
      size: 0
      nfiles: 0
    params:
      src/params.json:
        formfill:
          waitForIdleTime: 500
          waitForTimeout: 5000
        puppeteer:
          userDataDir: ./user
          headless: false
          viewport:
            width: 1400
            height: 1000
          userAgent: Mozilla/5.0 (X11; Linux x86_64) AppleWebKit/537.36 (KHTML, like
            Gecko) Chrome
    outs:
    - path: data/localhost/alpha/formfill-metrics.json
      md5: 0a2159dac779ff3b259928588b3ccd24
      size: 354
    - path: data/localhost/alpha/formfill-result.json
      md5: d1384eb7cf8ed59b876811862d0e82cb
      size: 282
  htmlretrieve@1:
    cmd: npm start -- html retrieve -u http://localhost/beta/
    deps:
    - path: src/html/retrieve.ts
      md5: f4e66d171e63e8bbc72d6f089695652d
      size: 1020
    params:
      src/params.json:
        htmlretrieve: {}
        puppeteer:
          userDataDir: ''
          headless: false
          viewport:
            width: 1400
            height: 1000
          userAgent: Mozilla/5.0 (Macintosh; Intel Mac OS X 10.15; rv:109.0) Gecko/20100101
            Firefox/113.0
    outs:
    - path: data/localhost/beta/htmlretrieve-metrics.json
      md5: e6a068a0e2df3fa626274ca7b00d8074
      size: 50
    - path: data/localhost/beta/index.html
      md5: d2e0ff4369cdf55b153e16f4023e9182
      size: 2795
    - path: data/localhost/beta/index.json
      md5: cc8d529629e181c9ca60cc7eed4582e4
      size: 94
  htmlretrieve@0:
    cmd: npm start -- html retrieve -u http://localhost/alpha/
    deps:
    - path: src/html/retrieve.ts
      md5: f4e66d171e63e8bbc72d6f089695652d
      size: 1020
    params:
      src/params.json:
        htmlretrieve: {}
        puppeteer:
          userDataDir: ''
          headless: false
          viewport:
            width: 1400
            height: 1000
          userAgent: Mozilla/5.0 (Macintosh; Intel Mac OS X 10.15; rv:109.0) Gecko/20100101
            Firefox/113.0
    outs:
    - path: data/localhost/alpha/htmlretrieve-metrics.json
      md5: 9ea1c87798d2160e522e524cbfba7699
      size: 50
    - path: data/localhost/alpha/index.html
      md5: c909a9dacaca4d36451a6fc0122ee4cb
      size: 3860
    - path: data/localhost/alpha/index.json
      md5: 28d110937253136c6cb8eb5a56843e59
      size: 104
  htmlcompress@0:
    cmd: npm start -- html compress -u http://localhost/alpha/
    deps:
    - path: data/localhost/alpha/index.html
      md5: c909a9dacaca4d36451a6fc0122ee4cb
      size: 3860
    - path: src/html/compress.ts
      md5: 30e1e31e1a7d2feb077e5094416667e7
      size: 6897
    params:
      src/params.json:
        htmlcompress:
          tokenizeInput: false
          focusOnFirstTag:
          removeEmpty: true
          textMaxLength: 500
          attributeMaxLength: 1000
          removeTags:
          - STYLE
          - SCRIPT
          - NOSCRIPT
          - HEAD
          - svg
          removeAttributes:
          - class
          - style
          removeStructural:
          - DIV
          - SECTION
          - MAIN
          - ARTICLE
          - SPAN
          removeEmptyTagExclusion:
          - INPUT
          textLengthExclusion:
          - INPUT
          - FORM
          - SELECT
          - BUTTON
          - FIELD
          removeAttributeTagExclusion:
          - INPUT
          - FORM
          - SELECT
          - BUTTON
          removeAttributeExclusion:
          - INPUT
          - FORM
          - SELECT
          - BUTTON
    outs:
    - path: data/localhost/alpha/htmlcompress-metrics.json
      md5: c28c2e497d8763748a862ef113b9357b
      size: 141
    - path: data/localhost/alpha/index.compressed.html
      md5: 0b1f6427e7c5aa9ef9c581ba081a510e
      size: 713
  formcode@0:
    cmd: npm start -- form code -u http://localhost/alpha/
    deps:
    - path: data/localhost/alpha/index.compressed.html
      md5: 0b1f6427e7c5aa9ef9c581ba081a510e
      size: 713
    - path: src/forms/code.ts
      md5: 202e8357f400f16bf32760bf20498a7c
      size: 2328
    - path: src/gpt.ts
      md5: 12653a2734556486b918b2ea0dcafa02
      size: 3136
    - path: src/lint.ts
      md5: d91d398b84e1750d9a251be16711d217
      size: 772
    params:
      src/params.json:
        formcode:
          prompt:
            outputSpec:
            - accepts a puppeteer page as the first parameter
            - accepts all the inputs accepted on the webpage which follows below as
              the second parameter (an object with camelCase keys)
            - checks if each parameter exists before attempting to fill it in
            - correctly fills in every input
            - triggers a submission
            - does nothing else
            includesHTMLBlockMarkup: true
            usesListDelimitation: true
    outs:
    - path: data/localhost/alpha/formcode-lint.json
      md5: ec285c302f0ef1f9e6d528137507a146
      size: 285
    - path: data/localhost/alpha/formcode-metrics.json
      md5: 92ec8a292b51352990a1ca022a410b7b
      size: 1099
    - path: data/localhost/alpha/formcode-result.json
      md5: 4486762036d463ee3e31d2ddf5276e12
      size: 2760
    - path: data/localhost/alpha/formcode.js
      md5: 972455527b711cc51b86e0af9c3a3944
      size: 1250
  formprops@0:
    cmd: npm start -- form props -u http://localhost/alpha/
    deps:
    - path: data/localhost/alpha/formcode.js
      md5: 972455527b711cc51b86e0af9c3a3944
      size: 1250
    - path: data/localhost/alpha/index.json
      md5: 28d110937253136c6cb8eb5a56843e59
      size: 104
    - path: src/forms/props.ts
      md5: 793b78bc42331730f5bdff3141ef3510
      size: 2468
    - path: src/gpt.ts
      md5: 12653a2734556486b918b2ea0dcafa02
      size: 3136
    params:
      src/params.json:
        formprops:
          prompt:
            includeDescription: true
            includeTitle: true
            includeURL: true
            includesCodeBlockMarkup: true
    outs:
    - path: data/localhost/alpha/formprops-metrics.json
      md5: 0fa1abe231c4fcb6d6eeb24180f8dc28
      size: 818
    - path: data/localhost/alpha/formprops-result.json
      md5: de68027211aa1e69e09789dbc183d85d
      size: 2230
    - path: data/localhost/alpha/formprops.json
      md5: 0c1c36fe5f35b5a580f8a695f37ad307
      size: 153
  formschema@0:
    cmd: npm start -- form schema -u http://localhost/alpha/
    deps:
    - path: data/localhost/alpha/formprops.json
      md5: 0c1c36fe5f35b5a580f8a695f37ad307
      size: 153
    - path: src/forms/schema.ts
      md5: eb8d39df902952f85f66de94a8f5c3ed
      size: 679
    - path: src/json
      md5: d751713988987e9331980363e24189ce.dir
      size: 0
      nfiles: 0
    - path: src/lint.ts
      md5: d91d398b84e1750d9a251be16711d217
      size: 772
    params:
      src/params.json:
        formschema:
          numberUniqueRatio: 0.05
          numberUniqueSize: 10
          stringUniqueRatio: 0.333
    outs:
    - path: data/localhost/alpha/formschema-lint.json
      md5: ec285c302f0ef1f9e6d528137507a146
      size: 285
    - path: data/localhost/alpha/formschema-metrics.json
      md5: a410f6cf15a7fa25383471303f140f7f
      size: 27
    - path: data/localhost/alpha/formschema-result.json
      md5: 0d99d3a5ced92b9d16297658cc79e927
      size: 222
    - path: data/localhost/alpha/formschema.js
      md5: c8dc822ea066135458564684a49aa6ef
      size: 249
  htmlcompress@1:
    cmd: npm start -- html compress -u http://localhost/beta/
    deps:
    - path: data/localhost/beta/index.html
      md5: d2e0ff4369cdf55b153e16f4023e9182
      size: 2795
    - path: src/html/compress.ts
      md5: 30e1e31e1a7d2feb077e5094416667e7
      size: 6897
    params:
      src/params.json:
        htmlcompress:
          tokenizeInput: false
          focusOnFirstTag:
          removeEmpty: true
          textMaxLength: 500
          attributeMaxLength: 1000
          removeTags:
          - STYLE
          - SCRIPT
          - NOSCRIPT
          - HEAD
          - svg
          removeAttributes:
          - class
          - style
          removeStructural:
          - DIV
          - SECTION
          - MAIN
          - ARTICLE
          - SPAN
          removeEmptyTagExclusion:
          - INPUT
          textLengthExclusion:
          - INPUT
          - FORM
          - SELECT
          - BUTTON
          - FIELD
          removeAttributeTagExclusion:
          - INPUT
          - FORM
          - SELECT
          - BUTTON
          removeAttributeExclusion:
          - INPUT
          - FORM
          - SELECT
          - BUTTON
    outs:
    - path: data/localhost/beta/htmlcompress-metrics.json
      md5: 2648fd1f6937970cb9a5921383a818bc
      size: 141
    - path: data/localhost/beta/index.compressed.html
      md5: 3651e67d4ad0d25296b8b12eccfb0f4a
      size: 417
  formcode@1:
    cmd: npm start -- form code -u http://localhost/beta/
    deps:
    - path: data/localhost/beta/index.compressed.html
      md5: 3651e67d4ad0d25296b8b12eccfb0f4a
      size: 417
    - path: src/forms/code.ts
      md5: 202e8357f400f16bf32760bf20498a7c
      size: 2328
    - path: src/gpt.ts
      md5: 12653a2734556486b918b2ea0dcafa02
      size: 3136
    - path: src/lint.ts
      md5: d91d398b84e1750d9a251be16711d217
      size: 772
    params:
      src/params.json:
        formcode:
          prompt:
            outputSpec:
            - accepts a puppeteer page as the first parameter
            - accepts all the inputs accepted on the webpage which follows below as
              the second parameter (an object with camelCase keys)
            - checks if each parameter exists before attempting to fill it in
            - correctly fills in every input
            - triggers a submission
            - does nothing else
            includesHTMLBlockMarkup: true
            usesListDelimitation: true
    outs:
    - path: data/localhost/beta/formcode-lint.json
      md5: ec285c302f0ef1f9e6d528137507a146
      size: 285
    - path: data/localhost/beta/formcode-metrics.json
      md5: 1742337c0f8ee477cdd48f32b3382b59
      size: 1106
    - path: data/localhost/beta/formcode-result.json
      md5: 1ad3715e0f49d4f0038b5af84498becb
      size: 1623
    - path: data/localhost/beta/formcode.js
      md5: b67298a5d513778eac5ac54314c4350f
      size: 425
  formprops@1:
    cmd: npm start -- form props -u http://localhost/beta/
    deps:
    - path: data/localhost/beta/formcode.js
      md5: b67298a5d513778eac5ac54314c4350f
      size: 425
    - path: data/localhost/beta/index.json
      md5: cc8d529629e181c9ca60cc7eed4582e4
      size: 94
    - path: src/forms/props.ts
      md5: 793b78bc42331730f5bdff3141ef3510
      size: 2468
    - path: src/gpt.ts
      md5: 12653a2734556486b918b2ea0dcafa02
      size: 3136
    params:
      src/params.json:
        formprops:
          prompt:
            includeDescription: true
            includeTitle: true
            includeURL: true
            includesCodeBlockMarkup: true
    outs:
    - path: data/localhost/beta/formprops-metrics.json
      md5: 10490cc57ce072009497f2b13724166e
      size: 817
    - path: data/localhost/beta/formprops-result.json
      md5: 0c6201bf90a12420193cd540a1b18498
      size: 1368
    - path: data/localhost/beta/formprops.json
      md5: 0675fc4b046e585ba2666ec277a7b967
      size: 81
  formschema@1:
    cmd: npm start -- form schema -u http://localhost/beta/
    deps:
    - path: data/localhost/beta/formprops.json
      md5: 0675fc4b046e585ba2666ec277a7b967
      size: 81
    - path: src/forms/schema.ts
      md5: eb8d39df902952f85f66de94a8f5c3ed
      size: 679
    - path: src/json
      md5: d751713988987e9331980363e24189ce.dir
      size: 0
      nfiles: 0
    - path: src/lint.ts
      md5: d91d398b84e1750d9a251be16711d217
      size: 772
    params:
      src/params.json:
        formschema:
          numberUniqueRatio: 0.05
          numberUniqueSize: 10
          stringUniqueRatio: 0.333
    outs:
    - path: data/localhost/beta/formschema-lint.json
      md5: ec285c302f0ef1f9e6d528137507a146
      size: 285
    - path: data/localhost/beta/formschema-metrics.json
      md5: 666b32a4a5ae852a031892a2a5d44411
      size: 27
    - path: data/localhost/beta/formschema-result.json
      md5: 6648c8102375bf0c4cf79bf3418f96dd
      size: 130
    - path: data/localhost/beta/formschema.js
      md5: 5b1ff39981c3dcf64b561f207332b188
      size: 103
  formfill@0:
    cmd: npm start -- form fill -u http://localhost/alpha/
    deps:
    - path: data/localhost/alpha/formcode.js
      md5: 972455527b711cc51b86e0af9c3a3944
      size: 1250
    - path: data/localhost/alpha/formprops.json
      md5: 0c1c36fe5f35b5a580f8a695f37ad307
      size: 153
    - path: data/localhost/alpha/index.json
      md5: 28d110937253136c6cb8eb5a56843e59
      size: 104
    - path: src/puppeteer
      md5: d751713988987e9331980363e24189ce.dir
      size: 0
      nfiles: 0
    params:
      src/params.json:
        formfill:
          waitForIdleTime: 500
          waitForTimeout: 5000
        puppeteer:
          userDataDir: ''
          headless: false
          viewport:
            width: 1400
            height: 1000
          userAgent: Mozilla/5.0 (Macintosh; Intel Mac OS X 10.15; rv:109.0) Gecko/20100101
            Firefox/113.0
    outs:
    - path: data/localhost/alpha/formfill-metrics.json
      md5: 31f78c23d0616ef1e7f10d8f59a33314
      size: 120
    - path: data/localhost/alpha/formfill-result.json
      md5: d1384eb7cf8ed59b876811862d0e82cb
      size: 282
  formfill@1:
    cmd: npm start -- form fill -u http://localhost/beta/
    deps:
    - path: data/localhost/beta/formcode.js
      md5: b67298a5d513778eac5ac54314c4350f
      size: 425
    - path: data/localhost/beta/formprops.json
      md5: 0675fc4b046e585ba2666ec277a7b967
      size: 81
    - path: data/localhost/beta/index.json
      md5: cc8d529629e181c9ca60cc7eed4582e4
      size: 94
    - path: src/puppeteer
      md5: d751713988987e9331980363e24189ce.dir
      size: 0
      nfiles: 0
    params:
      src/params.json:
        formfill:
          waitForIdleTime: 500
          waitForTimeout: 5000
        puppeteer:
          userDataDir: ''
          headless: false
          viewport:
            width: 1400
            height: 1000
          userAgent: Mozilla/5.0 (Macintosh; Intel Mac OS X 10.15; rv:109.0) Gecko/20100101
            Firefox/113.0
    outs:
    - path: data/localhost/beta/formfill-metrics.json
      md5: 51db3474bca9768dbb1531d9f2847b55
      size: 120
    - path: data/localhost/beta/formfill-result.json
      md5: 15b5903d07c2e47b1511212deb68eba2
      size: 109
  htmlretrieve@2:
    cmd: npm start -- html retrieve -u https://www.top100golfcourses.com/championships/BNL-challenge-trophy
    deps:
    - path: src/html/retrieve.ts
      md5: f4e66d171e63e8bbc72d6f089695652d
      size: 1020
    params:
      src/params.json:
        htmlretrieve: {}
        puppeteer:
          userDataDir: ''
          headless: false
          viewport:
            width: 1400
            height: 1000
          userAgent: Mozilla/5.0 (Macintosh; Intel Mac OS X 10.15; rv:109.0) Gecko/20100101
            Firefox/113.0
    outs:
    - path: 
        data/www.top100golfcourses.com/championships/BNL-challenge-trophy/htmlretrieve-metrics.json
      md5: c3a4b0248bd1c5ccbd5da4c134cd4def
      size: 50
    - path: data/www.top100golfcourses.com/championships/BNL-challenge-trophy/index.html
      md5: bbe90ec827672a36e8c2fd50d42da3e1
      size: 101127
    - path: data/www.top100golfcourses.com/championships/BNL-challenge-trophy/index.json
      md5: 3d8568e9ee777ea7dc6014e9bfc57af4
      size: 145
  htmlcompress@2:
    cmd: npm start -- html compress -u https://www.top100golfcourses.com/championships/BNL-challenge-trophy
    deps:
    - path: data/www.top100golfcourses.com/championships/BNL-challenge-trophy/index.html
      md5: bbe90ec827672a36e8c2fd50d42da3e1
      size: 101127
    - path: src/html/compress.ts
      md5: 30e1e31e1a7d2feb077e5094416667e7
      size: 6897
    params:
      src/params.json:
        htmlcompress:
          tokenizeInput: false
          focusOnFirstTag:
          removeEmpty: true
          textMaxLength: 500
          attributeMaxLength: 1000
          removeTags:
          - STYLE
          - SCRIPT
          - NOSCRIPT
          - HEAD
          - svg
          removeAttributes:
          - class
          - style
          removeStructural:
          - DIV
          - SECTION
          - MAIN
          - ARTICLE
          - SPAN
          removeEmptyTagExclusion:
          - INPUT
          textLengthExclusion:
          - INPUT
          - FORM
          - SELECT
          - BUTTON
          - FIELD
          removeAttributeTagExclusion:
          - INPUT
          - FORM
          - SELECT
          - BUTTON
          removeAttributeExclusion:
          - INPUT
          - FORM
          - SELECT
          - BUTTON
    outs:
    - path: 
        data/www.top100golfcourses.com/championships/BNL-challenge-trophy/htmlcompress-metrics.json
      md5: f63a66ac42e6c78bed6700ac716b805d
      size: 127
    - path: 
        data/www.top100golfcourses.com/championships/BNL-challenge-trophy/index.compressed.html
      md5: 7f8efca6ad0a655ae8f9479735f7bf0f
      size: 8364
  formcode@2:
    cmd: npm start -- form code -u https://www.top100golfcourses.com/championships/BNL-challenge-trophy
    deps:
    - path: 
        data/www.top100golfcourses.com/championships/BNL-challenge-trophy/index.compressed.html
      md5: 7f8efca6ad0a655ae8f9479735f7bf0f
      size: 8364
    - path: src/forms/code.ts
      md5: 202e8357f400f16bf32760bf20498a7c
      size: 2328
    - path: src/gpt.ts
      md5: 12653a2734556486b918b2ea0dcafa02
      size: 3136
    - path: src/lint.ts
      md5: d91d398b84e1750d9a251be16711d217
      size: 772
    params:
      src/params.json:
        formcode:
          prompt:
            outputSpec:
            - accepts a puppeteer page as the first parameter
            - accepts all the inputs accepted on the webpage which follows below as
              the second parameter (an object with camelCase keys)
            - checks if each parameter exists before attempting to fill it in
            - correctly fills in every input
            - triggers a submission
            - does nothing else
            includesHTMLBlockMarkup: true
            usesListDelimitation: true
    outs:
    - path: 
        data/www.top100golfcourses.com/championships/BNL-challenge-trophy/formcode-lint.json
      md5: 5020644900aa80dc326244bd6c62fef6
      size: 1363
    - path: 
        data/www.top100golfcourses.com/championships/BNL-challenge-trophy/formcode-metrics.json
      md5: a172d8a9710c987edd6110109b2ac9e8
      size: 1072
    - path: 
        data/www.top100golfcourses.com/championships/BNL-challenge-trophy/formcode-result.json
      md5: 5d8e60158eeef3f5a18c4b9e5121c255
      size: 10025
    - path: data/www.top100golfcourses.com/championships/BNL-challenge-trophy/formcode.js
      md5: 44755fa24a38977852687bce9320af63
      size: 583
  formprops@2:
    cmd: npm start -- form props -u https://www.top100golfcourses.com/championships/BNL-challenge-trophy
    deps:
    - path: data/www.top100golfcourses.com/championships/BNL-challenge-trophy/formcode.js
      md5: 44755fa24a38977852687bce9320af63
      size: 583
    - path: data/www.top100golfcourses.com/championships/BNL-challenge-trophy/index.json
      md5: 3d8568e9ee777ea7dc6014e9bfc57af4
      size: 145
    - path: src/forms/props.ts
      md5: 793b78bc42331730f5bdff3141ef3510
      size: 2468
    - path: src/gpt.ts
      md5: 12653a2734556486b918b2ea0dcafa02
      size: 3136
    params:
      src/params.json:
        formprops:
          prompt:
            includeDescription: true
            includeTitle: true
            includeURL: true
            includesCodeBlockMarkup: true
    outs:
    - path: 
        data/www.top100golfcourses.com/championships/BNL-challenge-trophy/formprops-metrics.json
      md5: 993dca2af3b7f453cb742d83d1175ba8
      size: 789
    - path: 
        data/www.top100golfcourses.com/championships/BNL-challenge-trophy/formprops-result.json
      md5: 81b722f6dc8a4dd35236218b48f40b39
      size: 1679
    - path: data/www.top100golfcourses.com/championships/BNL-challenge-trophy/formprops.json
      md5: d6316df692e2e2a9f0997e48316b4c44
      size: 298
  formschema@2:
    cmd: npm start -- form schema -u https://www.top100golfcourses.com/championships/BNL-challenge-trophy
    deps:
    - path: data/www.top100golfcourses.com/championships/BNL-challenge-trophy/formprops.json
      md5: d6316df692e2e2a9f0997e48316b4c44
      size: 298
    - path: src/forms/schema.ts
      md5: eb8d39df902952f85f66de94a8f5c3ed
      size: 679
    - path: src/json
      md5: d751713988987e9331980363e24189ce.dir
      size: 0
      nfiles: 0
    - path: src/lint.ts
      md5: d91d398b84e1750d9a251be16711d217
      size: 772
    params:
      src/params.json:
        formschema:
          numberUniqueRatio: 0.05
          numberUniqueSize: 10
          stringUniqueRatio: 0.333
    outs:
    - path: 
        data/www.top100golfcourses.com/championships/BNL-challenge-trophy/formschema-lint.json
      md5: ec285c302f0ef1f9e6d528137507a146
      size: 285
    - path: 
        data/www.top100golfcourses.com/championships/BNL-challenge-trophy/formschema-metrics.json
      md5: 99ac858646a35563c20e7913dec3ad5a
      size: 27
    - path: 
        data/www.top100golfcourses.com/championships/BNL-challenge-trophy/formschema-result.json
      md5: 9a00cb7abe85bb90e9e8f1ddc8703c4e
      size: 367
    - path: data/www.top100golfcourses.com/championships/BNL-challenge-trophy/formschema.js
      md5: 86f5abe1c3ae18f5e7537a1632d10faf
      size: 245
